
Microsoft Visual Studio Solution File, Format Version 12.00
# Visual Studio Version 17
VisualStudioVersion = 17.3.32804.467
MinimumVisualStudioVersion = 10.0.40219.1
Project("{FAE04EC0-301F-11D3-BF4B-00C04F79EFBC}") = "ReflectionDemo", "ReflectionDemo.csproj", "{2CB25530-C023-45B4-9816-718775029579}"
EndProject
Global
	GlobalSection(SolutionConfigurationPlatforms) = preSolution
		Debug|Any CPU = Debug|Any CPU
		Release|Any CPU = Release|Any CPU
	EndGlobalSection
	GlobalSection(ProjectConfigurationPlatforms) = postSolution
		{2CB25530-C023-45B4-9816-718775029579}.Debug|Any CPU.ActiveCfg = Debug|Any CPU
		{2CB25530-C023-45B4-9816-718775029579}.Debug|Any CPU.Build.0 = Debug|Any CPU
		{2CB25530-C023-45B4-9816-718775029579}.Release|Any CPU.ActiveCfg = Release|Any CPU
		{2CB25530-C023-45B4-9816-718775029579}.Release|Any CPU.Build.0 = Release|Any CPU
	EndGlobalSection
	GlobalSection(SolutionProperties) = preSolution
		HideSolutionNode = FALSE
	EndGlobalSection
	GlobalSection(ExtensibilityGlobals) = postSolution
		SolutionGuid = {75B28EDB-6FF9-4003-8082-87706EDA315C}
	EndGlobalSection
EndGlobal
